Microsoft Visual Studio Solution File, Format Version 11.00
# Visual Studio 2008

Project("{5903029B-31A2-2E69-8DF0-9B2E4E759F4C}") = "ColorMatch", "Assembly-CSharp.csproj", "{B7116D6F-3CC5-3635-6B37-9549F6A29244}"
EndProject
Global
	GlobalSection(SolutionConfigurationPlatforms) = preSolution
		Debug|Any CPU = Debug|Any CPU
		Release|Any CPU = Release|Any CPU
	EndGlobalSection
	GlobalSection(ProjectConfigurationPlatforms) = postSolution
		{B7116D6F-3CC5-3635-6B37-9549F6A29244}.Debug|Any CPU.ActiveCfg = Debug|Any CPU
		{B7116D6F-3CC5-3635-6B37-9549F6A29244}.Debug|Any CPU.Build.0 = Debug|Any CPU
		{B7116D6F-3CC5-3635-6B37-9549F6A29244}.Release|Any CPU.ActiveCfg = Release|Any CPU
		{B7116D6F-3CC5-3635-6B37-9549F6A29244}.Release|Any CPU.Build.0 = Release|Any CPU
	EndGlobalSection
	GlobalSection(SolutionProperties) = preSolution
		HideSolutionNode = FALSE
	EndGlobalSection
	GlobalSection(MonoDevelopProperties) = preSolution
		StartupItem = Assembly-CSharp.csproj
	EndGlobalSection
EndGlobal
